// !$*UTF8*$!
{
	archiveVersion = 1;
	classes = {
	};
	objectVersion = 46;
	objects = {

/* Begin PBXBuildFile section */
		8AD19EF21A8DBDE0002CED25 /* AppDelegate.swift in Sources */ = {isa = PBXBuildFile; fileRef = 8AD19EF11A8DBDE0002CED25 /* AppDelegate.swift */; };
		8AD19EF41A8DBDE0002CED25 /* ViewController.swift in Sources */ = {isa = PBXBuildFile; fileRef = 8AD19EF31A8DBDE0002CED25 /* ViewController.swift */; };
		8AD19EF71A8DBDE0002CED25 /* Main.storyboard in Resources */ = {isa = PBXBuildFile; fileRef = 8AD19EF51A8DBDE0002CED25 /* Main.storyboard */; };
		8AD19EF91A8DBDE0002CED25 /* Images.xcassets in Resources */ = {isa = PBXBuildFile; fileRef = 8AD19EF81A8DBDE0002CED25 /* Images.xcassets */; };
		8AD19EFC1A8DBDE0002CED25 /* LaunchScreen.xib in Resources */ = {isa = PBXBuildFile; fileRef = 8AD19EFA1A8DBDE0002CED25 /* LaunchScreen.xib */; };
		8AD19F081A8DBDE0002CED25 /* SamBunnyTests.swift in Sources */ = {isa = PBXBuildFile; fileRef = 8AD19F071A8DBDE0002CED25 /* SamBunnyTests.swift */; };
/* End PBXBuildFile section */

/* Begin PBXContainerItemProxy section */
		8AD19F021A8DBDE0002CED25 /* PBXContainerItemProxy */ = {
			isa = PBXContainerItemProxy;
			containerPortal = 8AD19EE41A8DBDE0002CED25 /* Project object */;
			proxyType = 1;
			remoteGlobalIDString = 8AD19EEB1A8DBDE0002CED25;
			remoteInfo = SamBunny;
		};
/* End PBXContainerItemProxy section */

/* Begin PBXFileReference section */
		8AD19EEC1A8DBDE0002CED25 /* SamBunny.app */ = {isa = PBXFileReference; explicitFileType = wrapper.application; includeInIndex = 0; path = SamBunny.app; sourceTree = BUILT_PRODUCTS_DIR; };
		8AD19EF01A8DBDE0002CED25 /* Info.plist */ = {isa = PBXFileReference; lastKnownFileType = text.plist.xml; path = Info.plist; sourceTree = "<group>"; };
		8AD19EF11A8DBDE0002CED25 /* AppDelegate.swift */ = {isa = PBXFileReference; lastKnownFileType = sourcecode.swift; path = AppDelegate.swift; sourceTree = "<group>"; };
		8AD19EF31A8DBDE0002CED25 /* ViewController.swift */ = {isa = PBXFileReference; lastKnownFileType = sourcecode.swift; path = ViewController.swift; sourceTree = "<group>"; };
		8AD19EF61A8DBDE0002CED25 /* Base */ = {isa = PBXFileReference; lastKnownFileType = file.storyboard; name = Base; path = Base.lproj/Main.storyboard; sourceTree = "<group>"; };
		8AD19EF81A8DBDE0002CED25 /* Images.xcassets */ = {isa = PBXFileReference; lastKnownFileType = folder.assetcatalog; path = Images.xcassets; sourceTree = "<group>"; };
		8AD19EFB1A8DBDE0002CED25 /* Base */ = {isa = PBXFileReference; lastKnownFileType = file.xib; name = Base; path = Base.lproj/LaunchScreen.xib; sourceTree = "<group>"; };
		8AD19F011A8DBDE0002CED25 /* SamBunnyTests.xctest */ = {isa = PBXFileReference; explicitFileType = wrapper.cfbundle; includeInIndex = 0; path = SamBunnyTests.xctest; sourceTree = BUILT_PRODUCTS_DIR; };
		8AD19F061A8DBDE0002CED25 /* Info.plist */ = {isa = PBXFileReference; lastKnownFileType = text.plist.xml; path = Info.plist; sourceTree = "<group>"; };
		8AD19F071A8DBDE0002CED25 /* SamBunnyTests.swift */ = {isa = PBXFileReference; lastKnownFileType = sourcecode.swift; path = SamBunnyTests.swift; sourceTree = "<group>"; };
/* End PBXFileReference section */

/* Begin PBXFrameworksBuildPhase section */
		8AD19EE91A8DBDE0002CED25 /* Frameworks */ = {
			isa = PBXFrameworksBuildPhase;
			buildActionMask = 2147483647;
			files = (
			);
			runOnlyForDeploymentPostprocessing = 0;
		};
		8AD19EFE1A8DBDE0002CED25 /* Frameworks */ = {
			isa = PBXFrameworksBuildPhase;
			buildActionMask = 2147483647;
			files = (
			);
			runOnlyForDeploymentPostprocessing = 0;
		};
/* End PBXFrameworksBuildPhase section */

/* Begin PBXGroup section */
		8AD19EE31A8DBDE0002CED25 = {
			isa = PBXGroup;
			children = (
				8AD19EEE1A8DBDE0002CED25 /* SamBunny */,
				8AD19F041A8DBDE0002CED25 /* SamBunnyTests */,
				8AD19EED1A8DBDE0002CED25 /* Products */,
			);
			sourceTree = "<group>";
		};
		8AD19EED1A8DBDE0002CED25 /* Products */ = {
			isa = PBXGroup;
			children = (
				8AD19EEC1A8DBDE0002CED25 /* SamBunny.app */,
				8AD19F011A8DBDE0002CED25 /* SamBunnyTests.xctest */,
			);
			name = Products;
			sourceTree = "<group>";
		};
		8AD19EEE1A8DBDE0002CED25 /* SamBunny */ = {
			isa = PBXGroup;
			children = (
				8AD19EF11A8DBDE0002CED25 /* AppDelegate.swift */,
				8AD19EF31A8DBDE0002CED25 /* ViewController.swift */,
				8AD19EF51A8DBDE0002CED25 /* Main.storyboard */,
				8AD19EF81A8DBDE0002CED25 /* Images.xcassets */,
				8AD19EFA1A8DBDE0002CED25 /* LaunchScreen.xib */,
				8AD19EEF1A8DBDE0002CED25 /* Supporting Files */,
			);
			path = SamBunny;
			sourceTree = "<group>";
		};
		8AD19EEF1A8DBDE0002CED25 /* Supporting Files */ = {
			isa = PBXGroup;
			children = (
				8AD19EF01A8DBDE0002CED25 /* Info.plist */,
			);
			name = "Supporting Files";
			sourceTree = "<group>";
		};
		8AD19F041A8DBDE0002CED25 /* SamBunnyTests */ = {
			isa = PBXGroup;
			children = (
				8AD19F071A8DBDE0002CED25 /* SamBunnyTests.swift */,
				8AD19F051A8DBDE0002CED25 /* Supporting Files */,
			);
			path = SamBunnyTests;
			sourceTree = "<group>";
		};
		8AD19F051A8DBDE0002CED25 /* Supporting Files */ = {
			isa = PBXGroup;
			children = (
				8AD19F061A8DBDE0002CED25 /* Info.plist */,
			);
			name = "Supporting Files";
			sourceTree = "<group>";
		};
/* End PBXGroup section */

/* Begin PBXNativeTarget section */
		8AD19EEB1A8DBDE0002CED25 /* SamBunny */ = {
			isa = PBXNativeTarget;
			buildConfigurationList = 8AD19F0B1A8DBDE0002CED25 /* Build configuration list for PBXNativeTarget "SamBunny" */;
			buildPhases = (
				8AD19EE81A8DBDE0002CED25 /* Sources */,
				8AD19EE91A8DBDE0002CED25 /* Frameworks */,
				8AD19EEA1A8DBDE0002CED25 /* Resources */,
			);
			buildRules = (
			);
			dependencies = (
			);
			name = SamBunny;
			productName = SamBunny;
			productReference = 8AD19EEC1A8DBDE0002CED25 /* SamBunny.app */;
			productType = "com.apple.product-type.application";
		};
		8AD19F001A8DBDE0002CED25 /* SamBunnyTests */ = {
			isa = PBXNativeTarget;
			buildConfigurationList = 8AD19F0E1A8DBDE0002CED25 /* Build configuration list for PBXNativeTarget "SamBunnyTests" */;
			buildPhases = (
				8AD19EFD1A8DBDE0002CED25 /* Sources */,
				8AD19EFE1A8DBDE0002CED25 /* Frameworks */,
				8AD19EFF1A8DBDE0002CED25 /* Resources */,
			);
			buildRules = (
			);
			dependencies = (
				8AD19F031A8DBDE0002CED25 /* PBXTargetDependency */,
			);
			name = SamBunnyTests;
			productName = SamBunnyTests;
			productReference = 8AD19F011A8DBDE0002CED25 /* SamBunnyTests.xctest */;
			productType = "com.apple.product-type.bundle.unit-test";
		};
/* End PBXNativeTarget section */

/* Begin PBXProject section */
		8AD19EE41A8DBDE0002CED25 /* Project object */ = {
			isa = PBXProject;
			attributes = {
				LastUpgradeCheck = 0610;
				ORGANIZATIONNAME = "Samuel Shih";
				TargetAttributes = {
					8AD19EEB1A8DBDE0002CED25 = {
						CreatedOnToolsVersion = 6.1.1;
					};
					8AD19F001A8DBDE0002CED25 = {
						CreatedOnToolsVersion = 6.1.1;
						TestTargetID = 8AD19EEB1A8DBDE0002CED25;
					};
				};
			};
			buildConfigurationList = 8AD19EE71A8DBDE0002CED25 /* Build configuration list for PBXProject "SamBunny" */;
			compatibilityVersion = "Xcode 3.2";
			developmentRegion = English;
			hasScannedForEncodings = 0;
			knownRegions = (
				en,
				Base,
			);
			mainGroup = 8AD19EE31A8DBDE0002CED25;
			productRefGroup = 8AD19EED1A8DBDE0002CED25 /* Products */;
			projectDirPath = "";
			projectRoot = "";
			targets = (
				8AD19EEB1A8DBDE0002CED25 /* SamBunny */,
				8AD19F001A8DBDE0002CED25 /* SamBunnyTests */,
			);
		};
/* End PBXProject section */

/* Begin PBXResourcesBuildPhase section */
		8AD19EEA1A8DBDE0002CED25 /* Resources */ = {
			isa = PBXResourcesBuildPhase;
			buildActionMask = 2147483647;
			files = (
				8AD19EF71A8DBDE0002CED25 /* Main.storyboard in Resources */,
				8AD19EFC1A8DBDE0002CED25 /* LaunchScreen.xib in Resources */,
				8AD19EF91A8DBDE0002CED25 /* Images.xcassets in Resources */,
			);
			runOnlyForDeploymentPostprocessing = 0;
		};
		8AD19EFF1A8DBDE0002CED25 /* Resources */ = {
			isa = PBXResourcesBuildPhase;
			buildActionMask = 2147483647;
			files = (
			);
			runOnlyForDeploymentPostprocessing = 0;
		};
/* End PBXResourcesBuildPhase section */

/* Begin PBXSourcesBuildPhase section */
		8AD19EE81A8DBDE0002CED25 /* Sources */ = {
			isa = PBXSourcesBuildPhase;
			buildActionMask = 2147483647;
			files = (
				8AD19EF41A8DBDE0002CED25 /* ViewController.swift in Sources */,
				8AD19EF21A8DBDE0002CED25 /* AppDelegate.swift in Sources */,
			);
			runOnlyForDeploymentPostprocessing = 0;
		};
		8AD19EFD1A8DBDE0002CED25 /* Sources */ = {
			isa = PBXSourcesBuildPhase;
			buildActionMask = 2147483647;
			files = (
				8AD19F081A8DBDE0002CED25 /* SamBunnyTests.swift in Sources */,
			);
			runOnlyForDeploymentPostprocessing = 0;
		};
/* End PBXSourcesBuildPhase section */

/* Begin PBXTargetDependency section */
		8AD19F031A8DBDE0002CED25 /* PBXTargetDependency */ = {
			isa = PBXTargetDependency;
			target = 8AD19EEB1A8DBDE0002CED25 /* SamBunny */;
			targetProxy = 8AD19F021A8DBDE0002CED25 /* PBXContainerItemProxy */;
		};
/* End PBXTargetDependency section */

/* Begin PBXVariantGroup section */
		8AD19EF51A8DBDE0002CED25 /* Main.storyboard */ = {
			isa = PBXVariantGroup;
			children = (
				8AD19EF61A8DBDE0002CED25 /* Base */,
			);
			name = Main.storyboard;
			sourceTree = "<group>";
		};
		8AD19EFA1A8DBDE0002CED25 /* LaunchScreen.xib */ = {
			isa = PBXVariantGroup;
			children = (
				8AD19EFB1A8DBDE0002CED25 /* Base */,
			);
			name = LaunchScreen.xib;
			sourceTree = "<group>";
		};
/* End PBXVariantGroup section */

/* Begin XCBuildConfiguration section */
		8AD19F091A8DBDE0002CED25 /* Debug */ = {
			isa = XCBuildConfiguration;
			buildSettings = {
				ALWAYS_SEARCH_USER_PATHS = NO;
				CLANG_CXX_LANGUAGE_STANDARD = "gnu++0x";
				CLANG_CXX_LIBRARY = "libc++";
				CLANG_ENABLE_MODULES = YES;
				CLANG_ENABLE_OBJC_ARC = YES;
				CLANG_WARN_BOOL_CONVERSION = YES;
				CLANG_WARN_CONSTANT_CONVERSION = YES;
				CLANG_WARN_DIRECT_OBJC_ISA_USAGE = YES_ERROR;
				CLANG_WARN_EMPTY_BODY = YES;
				CLANG_WARN_ENUM_CONVERSION = YES;
				CLANG_WARN_INT_CONVERSION = YES;
				CLANG_WARN_OBJC_ROOT_CLASS = YES_ERROR;
				CLANG_WARN_UNREACHABLE_CODE = YES;
				CLANG_WARN__DUPLICATE_METHOD_MATCH = YES;
				"CODE_SIGN_IDENTITY[sdk=iphoneos*]" = "iPhone Developer";
				COPY_PHASE_STRIP = NO;
				ENABLE_STRICT_OBJC_MSGSEND = YES;
				GCC_C_LANGUAGE_STANDARD = gnu99;
				GCC_DYNAMIC_NO_PIC = NO;
				GCC_OPTIMIZATION_LEVEL = 0;
				GCC_PREPROCESSOR_DEFINITIONS = (
					"DEBUG=1",
					"$(inherited)",
				);
				GCC_SYMBOLS_PRIVATE_EXTERN = NO;
				GCC_WARN_64_TO_32_BIT_CONVERSION = YES;
				GCC_WARN_ABOUT_RETURN_TYPE = YES_ERROR;
				GCC_WARN_UNDECLARED_SELECTOR = YES;
				GCC_WARN_UNINITIALIZED_AUTOS = YES_AGGRESSIVE;
				GCC_WARN_UNUSED_FUNCTION = YES;
				GCC_WARN_UNUSED_VARIABLE = YES;
				IPHONEOS_DEPLOYMENT_TARGET = 8.1;
				MTL_ENABLE_DEBUG_INFO = YES;
				ONLY_ACTIVE_ARCH = YES;
				SDKROOT = iphoneos;
				SWIFT_OPTIMIZATION_LEVEL = "-Onone";
			};
			name = Debug;
		};
		8AD19F0A1A8DBDE0002CED25 /* Release */ = {
			isa = XCBuildConfiguration;
			buildSettings = {
				ALWAYS_SEARCH_USER_PATHS = NO;
				CLANG_CXX_LANGUAGE_STANDARD = "gnu++0x";
				CLANG_CXX_LIBRARY = "libc++";
				CLANG_ENABLE_MODULES = YES;
				CLANG_ENABLE_OBJC_ARC = YES;
				CLANG_WARN_BOOL_CONVERSION = YES;
				CLANG_WARN_CONSTANT_CONVERSION = YES;
				CLANG_WARN_DIRECT_OBJC_ISA_USAGE = YES_ERROR;
				CLANG_WARN_EMPTY_BODY = YES;
				CLANG_WARN_ENUM_CONVERSION = YES;
				CLANG_WARN_INT_CONVERSION = YES;
				CLANG_WARN_OBJC_ROOT_CLASS = YES_ERROR;
				CLANG_WARN_UNREACHABLE_CODE = YES;
				CLANG_WARN__DUPLICATE_METHOD_MATCH = YES;
				"CODE_SIGN_IDENTITY[sdk=iphoneos*]" = "iPhone Developer";
				COPY_PHASE_STRIP = YES;
				ENABLE_NS_ASSERTIONS = NO;
				ENABLE_STRICT_OBJC_MSGSEND = YES;
				GCC_C_LANGUAGE_STANDARD = gnu99;
				GCC_WARN_64_TO_32_BIT_CONVERSION = YES;
				GCC_WARN_ABOUT_RETURN_TYPE = YES_ERROR;
				GCC_WARN_UNDECLARED_SELECTOR = YES;
				GCC_WARN_UNINITIALIZED_AUTOS = YES_AGGRESSIVE;
				GCC_WARN_UNUSED_FUNCTION = YES;
				GCC_WARN_UNUSED_VARIABLE = YES;
				IPHONEOS_DEPLOYMENT_TARGET = 8.1;
				MTL_ENABLE_DEBUG_INFO = NO;
				SDKROOT = iphoneos;
				VALIDATE_PRODUCT = YES;
			};
			name = Release;
		};
		8AD19F0C1A8DBDE0002CED25 /* Debug */ = {
			isa = XCBuildConfiguration;
			buildSettings = {
				ASSETCATALOG_COMPILER_APPICON_NAME = AppIcon;
				INFOPLIST_FILE = SamBunny/Info.plist;
				LD_RUNPATH_SEARCH_PATHS = "$(inherited) @executable_path/Frameworks";
				PRODUCT_NAME = "$(TARGET_NAME)";
			};
			name = Debug;
		};
		8AD19F0D1A8DBDE0002CED25 /* Release */ = {
			isa = XCBuildConfiguration;
			buildSettings = {
				ASSETCATALOG_COMPILER_APPICON_NAME = AppIcon;
				INFOPLIST_FILE = SamBunny/Info.plist;
				LD_RUNPATH_SEARCH_PATHS = "$(inherited) @executable_path/Frameworks";
				PRODUCT_NAME = "$(TARGET_NAME)";
			};
			name = Release;
		};
		8AD19F0F1A8DBDE0002CED25 /* Debug */ = {
			isa = XCBuildConfiguration;
			buildSettings = {
				BUNDLE_LOADER = "$(TEST_HOST)";
				FRAMEWORK_SEARCH_PATHS = (
					"$(SDKROOT)/Developer/Library/Frameworks",
					"$(inherited)",
				);
				GCC_PREPROCESSOR_DEFINITIONS = (
					"DEBUG=1",
					"$(inherited)",
				);
				INFOPLIST_FILE = SamBunnyTests/Info.plist;
				LD_RUNPATH_SEARCH_PATHS = "$(inherited) @executable_path/Frameworks @loader_path/Frameworks";
				PRODUCT_NAME = "$(TARGET_NAME)";
				TEST_HOST = "$(BUILT_PRODUCTS_DIR)/SamBunny.app/SamBunny";
			};
			name = Debug;
		};
		8AD19F101A8DBDE0002CED25 /* Release */ = {
			isa = XCBuildConfiguration;
			buildSettings = {
				BUNDLE_LOADER = "$(TEST_HOST)";
				FRAMEWORK_SEARCH_PATHS = (
					"$(SDKROOT)/Developer/Library/Frameworks",
					"$(inherited)",
				);
				INFOPLIST_FILE = SamBunnyTests/Info.plist;
				LD_RUNPATH_SEARCH_PATHS = "$(inherited) @executable_path/Frameworks @loader_path/Frameworks";
				PRODUCT_NAME = "$(TARGET_NAME)";
				TEST_HOST = "$(BUILT_PRODUCTS_DIR)/SamBunny.app/SamBunny";
			};
			name = Release;
		};
/* End XCBuildConfiguration section */

/* Begin XCConfigurationList section */
		8AD19EE71A8DBDE0002CED25 /* Build configuration list for PBXProject "SamBunny" */ = {
			isa = XCConfigurationList;
			buildConfigurations = (
				8AD19F091A8DBDE0002CED25 /* Debug */,
				8AD19F0A1A8DBDE0002CED25 /* Release */,
			);
			defaultConfigurationIsVisible = 0;
			defaultConfigurationName = Release;
		};
		8AD19F0B1A8DBDE0002CED25 /* Build configuration list for PBXNativeTarget "SamBunny" */ = {
			isa = XCConfigurationList;
			buildConfigurations = (
				8AD19F0C1A8DBDE0002CED25 /* Debug */,
				8AD19F0D1A8DBDE0002CED25 /* Release */,
			);
			defaultConfigurationIsVisible = 0;
		};
		8AD19F0E1A8DBDE0002CED25 /* Build configuration list for PBXNativeTarget "SamBunnyTests" */ = {
			isa = XCConfigurationList;
			buildConfigurations = (
				8AD19F0F1A8DBDE0002CED25 /* Debug */,
				8AD19F101A8DBDE0002CED25 /* Release */,
			);
			defaultConfigurationIsVisible = 0;
		};
/* End XCConfigurationList section */
	};
	rootObject = 8AD19EE41A8DBDE0002CED25 /* Project object */;
}
